
Microsoft Visual Studio Solution File, Format Version 12.00
# Visual Studio Version 17
VisualStudioVersion = 17.0.31903.59
MinimumVisualStudioVersion = 10.0.40219.1
Project("{9A19103F-16F7-4668-BE54-9A1E7A4F7556}") = "Infrastructure", "Infrastructure\Infrastructure.csproj", "{12912FFA-9193-4415-B3FD-2F3627AC9986}"
EndProject
Project("{9A19103F-16F7-4668-BE54-9A1E7A4F7556}") = "Computation.UI", "Computation.UI\Computation.UI.csproj", "{094EFA1F-456F-477B-AC3D-A6A736F941F6}"
EndProject
Project("{9A19103F-16F7-4668-BE54-9A1E7A4F7556}") = "Application.Contracts", "Application.Contracts\Application.Contracts.csproj", "{EEF51397-F25E-4E49-85A1-89E876518047}"
EndProject
Project("{9A19103F-16F7-4668-BE54-9A1E7A4F7556}") = "Application", "Application\Application.csproj", "{32358810-026E-4575-A679-EF3049992502}"
EndProject
Project("{FAE04EC0-301F-11D3-BF4B-00C04F79EFBC}") = "Utility", "Utility\Utility.csproj", "{1D8D910F-7F34-4A97-B6B9-058801711238}"
EndProject
Global
	GlobalSection(SolutionConfigurationPlatforms) = preSolution
		Debug|Any CPU = Debug|Any CPU
		Release|Any CPU = Release|Any CPU
	EndGlobalSection
	GlobalSection(ProjectConfigurationPlatforms) = postSolution
		{12912FFA-9193-4415-B3FD-2F3627AC9986}.Debug|Any CPU.ActiveCfg = Debug|Any CPU
		{12912FFA-9193-4415-B3FD-2F3627AC9986}.Debug|Any CPU.Build.0 = Debug|Any CPU
		{12912FFA-9193-4415-B3FD-2F3627AC9986}.Release|Any CPU.ActiveCfg = Release|Any CPU
		{12912FFA-9193-4415-B3FD-2F3627AC9986}.Release|Any CPU.Build.0 = Release|Any CPU
		{094EFA1F-456F-477B-AC3D-A6A736F941F6}.Debug|Any CPU.ActiveCfg = Debug|Any CPU
		{094EFA1F-456F-477B-AC3D-A6A736F941F6}.Debug|Any CPU.Build.0 = Debug|Any CPU
		{094EFA1F-456F-477B-AC3D-A6A736F941F6}.Release|Any CPU.ActiveCfg = Release|Any CPU
		{094EFA1F-456F-477B-AC3D-A6A736F941F6}.Release|Any CPU.Build.0 = Release|Any CPU
		{EEF51397-F25E-4E49-85A1-89E876518047}.Debug|Any CPU.ActiveCfg = Debug|Any CPU
		{EEF51397-F25E-4E49-85A1-89E876518047}.Debug|Any CPU.Build.0 = Debug|Any CPU
		{EEF51397-F25E-4E49-85A1-89E876518047}.Release|Any CPU.ActiveCfg = Release|Any CPU
		{EEF51397-F25E-4E49-85A1-89E876518047}.Release|Any CPU.Build.0 = Release|Any CPU
		{32358810-026E-4575-A679-EF3049992502}.Debug|Any CPU.ActiveCfg = Debug|Any CPU
		{32358810-026E-4575-A679-EF3049992502}.Debug|Any CPU.Build.0 = Debug|Any CPU
		{32358810-026E-4575-A679-EF3049992502}.Release|Any CPU.ActiveCfg = Release|Any CPU
		{32358810-026E-4575-A679-EF3049992502}.Release|Any CPU.Build.0 = Release|Any CPU
		{1D8D910F-7F34-4A97-B6B9-058801711238}.Debug|Any CPU.ActiveCfg = Debug|Any CPU
		{1D8D910F-7F34-4A97-B6B9-058801711238}.Debug|Any CPU.Build.0 = Debug|Any CPU
		{1D8D910F-7F34-4A97-B6B9-058801711238}.Release|Any CPU.ActiveCfg = Release|Any CPU
		{1D8D910F-7F34-4A97-B6B9-058801711238}.Release|Any CPU.Build.0 = Release|Any CPU
	EndGlobalSection
	GlobalSection(SolutionProperties) = preSolution
		HideSolutionNode = FALSE
	EndGlobalSection
	GlobalSection(ExtensibilityGlobals) = postSolution
		SolutionGuid = {7519DCB6-3D67-4853-A913-DEDE400AC10C}
	EndGlobalSection
EndGlobal
